
Microsoft Visual Studio Solution File, Format Version 12.00
# Visual Studio Version 17
VisualStudioVersion = 17.0.31903.59
MinimumVisualStudioVersion = 10.0.40219.1
Project("{2150E333-8FDC-42A3-9474-1A3956D46DE8}") = "src", "src", "{827E0CD3-B72D-47B6-A68D-7590B98EB39B}"
EndProject
Project("{FAE04EC0-301F-11D3-BF4B-00C04F79EFBC}") = "OpenPolicyAgent.Opa.Authorization", "src\OpenPolicyAgent.Opa.Authorization\OpenPolicyAgent.Opa.Authorization.csproj", "{13087AE5-C564-4AA2-8247-FB4F8966B1E5}"
EndProject
Project("{2150E333-8FDC-42A3-9474-1A3956D46DE8}") = "test", "test", "{0C88DD14-F956-CE84-757C-A364CCF449FC}"
EndProject
Project("{FAE04EC0-301F-11D3-BF4B-00C04F79EFBC}") = "OpenPolicyAgent.Opa.Authorization.Tests", "test\OpenPolicyAgent.Opa.Authorization.Tests\OpenPolicyAgent.Opa.Authorization.Tests.csproj", "{09BFB49B-D4DA-49C6-A5FC-A4862C78064E}"
EndProject
Project("{2150E333-8FDC-42A3-9474-1A3956D46DE8}") = "samples", "samples", "{5D20AA90-6969-D8BD-9DCD-8634F4692FDA}"
EndProject
Project("{FAE04EC0-301F-11D3-BF4B-00C04F79EFBC}") = "SampleWebApi", "samples\SampleWebApi\SampleWebApi.csproj", "{DC1357F5-D113-499C-8F4D-BC4E4A0CF384}"
EndProject
Project("{FAE04EC0-301F-11D3-BF4B-00C04F79EFBC}") = "jgerits.OpenPolicyAgent.Opa.Authorization", "src\jgerits.OpenPolicyAgent.Opa.Authorization\jgerits.OpenPolicyAgent.Opa.Authorization.csproj", "{55D96A21-06D8-429A-95A4-F22879730747}"
EndProject
Global
	GlobalSection(SolutionConfigurationPlatforms) = preSolution
		Debug|Any CPU = Debug|Any CPU
		Debug|x64 = Debug|x64
		Debug|x86 = Debug|x86
		Release|Any CPU = Release|Any CPU
		Release|x64 = Release|x64
		Release|x86 = Release|x86
	EndGlobalSection
	GlobalSection(ProjectConfigurationPlatforms) = postSolution
		{13087AE5-C564-4AA2-8247-FB4F8966B1E5}.Debug|Any CPU.ActiveCfg = Debug|Any CPU
		{13087AE5-C564-4AA2-8247-FB4F8966B1E5}.Debug|Any CPU.Build.0 = Debug|Any CPU
		{13087AE5-C564-4AA2-8247-FB4F8966B1E5}.Debug|x64.ActiveCfg = Debug|Any CPU
		{13087AE5-C564-4AA2-8247-FB4F8966B1E5}.Debug|x64.Build.0 = Debug|Any CPU
		{13087AE5-C564-4AA2-8247-FB4F8966B1E5}.Debug|x86.ActiveCfg = Debug|Any CPU
		{13087AE5-C564-4AA2-8247-FB4F8966B1E5}.Debug|x86.Build.0 = Debug|Any CPU
		{13087AE5-C564-4AA2-8247-FB4F8966B1E5}.Release|Any CPU.ActiveCfg = Release|Any CPU
		{13087AE5-C564-4AA2-8247-FB4F8966B1E5}.Release|Any CPU.Build.0 = Release|Any CPU
		{13087AE5-C564-4AA2-8247-FB4F8966B1E5}.Release|x64.ActiveCfg = Release|Any CPU
		{13087AE5-C564-4AA2-8247-FB4F8966B1E5}.Release|x64.Build.0 = Release|Any CPU
		{13087AE5-C564-4AA2-8247-FB4F8966B1E5}.Release|x86.ActiveCfg = Release|Any CPU
		{13087AE5-C564-4AA2-8247-FB4F8966B1E5}.Release|x86.Build.0 = Release|Any CPU
		{09BFB49B-D4DA-49C6-A5FC-A4862C78064E}.Debug|Any CPU.ActiveCfg = Debug|Any CPU
		{09BFB49B-D4DA-49C6-A5FC-A4862C78064E}.Debug|Any CPU.Build.0 = Debug|Any CPU
		{09BFB49B-D4DA-49C6-A5FC-A4862C78064E}.Debug|x64.ActiveCfg = Debug|Any CPU
		{09BFB49B-D4DA-49C6-A5FC-A4862C78064E}.Debug|x64.Build.0 = Debug|Any CPU
		{09BFB49B-D4DA-49C6-A5FC-A4862C78064E}.Debug|x86.ActiveCfg = Debug|Any CPU
		{09BFB49B-D4DA-49C6-A5FC-A4862C78064E}.Debug|x86.Build.0 = Debug|Any CPU
		{09BFB49B-D4DA-49C6-A5FC-A4862C78064E}.Release|Any CPU.ActiveCfg = Release|Any CPU
		{09BFB49B-D4DA-49C6-A5FC-A4862C78064E}.Release|Any CPU.Build.0 = Release|Any CPU
		{09BFB49B-D4DA-49C6-A5FC-A4862C78064E}.Release|x64.ActiveCfg = Release|Any CPU
		{09BFB49B-D4DA-49C6-A5FC-A4862C78064E}.Release|x64.Build.0 = Release|Any CPU
		{09BFB49B-D4DA-49C6-A5FC-A4862C78064E}.Release|x86.ActiveCfg = Release|Any CPU
		{09BFB49B-D4DA-49C6-A5FC-A4862C78064E}.Release|x86.Build.0 = Release|Any CPU
		{DC1357F5-D113-499C-8F4D-BC4E4A0CF384}.Debug|Any CPU.ActiveCfg = Debug|Any CPU
		{DC1357F5-D113-499C-8F4D-BC4E4A0CF384}.Debug|Any CPU.Build.0 = Debug|Any CPU
		{DC1357F5-D113-499C-8F4D-BC4E4A0CF384}.Debug|x64.ActiveCfg = Debug|Any CPU
		{DC1357F5-D113-499C-8F4D-BC4E4A0CF384}.Debug|x64.Build.0 = Debug|Any CPU
		{DC1357F5-D113-499C-8F4D-BC4E4A0CF384}.Debug|x86.ActiveCfg = Debug|Any CPU
		{DC1357F5-D113-499C-8F4D-BC4E4A0CF384}.Debug|x86.Build.0 = Debug|Any CPU
		{DC1357F5-D113-499C-8F4D-BC4E4A0CF384}.Release|Any CPU.ActiveCfg = Release|Any CPU
		{DC1357F5-D113-499C-8F4D-BC4E4A0CF384}.Release|Any CPU.Build.0 = Release|Any CPU
		{DC1357F5-D113-499C-8F4D-BC4E4A0CF384}.Release|x64.ActiveCfg = Release|Any CPU
		{DC1357F5-D113-499C-8F4D-BC4E4A0CF384}.Release|x64.Build.0 = Release|Any CPU
		{DC1357F5-D113-499C-8F4D-BC4E4A0CF384}.Release|x86.ActiveCfg = Release|Any CPU
		{DC1357F5-D113-499C-8F4D-BC4E4A0CF384}.Release|x86.Build.0 = Release|Any CPU
		{55D96A21-06D8-429A-95A4-F22879730747}.Debug|Any CPU.ActiveCfg = Debug|Any CPU
		{55D96A21-06D8-429A-95A4-F22879730747}.Debug|Any CPU.Build.0 = Debug|Any CPU
		{55D96A21-06D8-429A-95A4-F22879730747}.Debug|x64.ActiveCfg = Debug|Any CPU
		{55D96A21-06D8-429A-95A4-F22879730747}.Debug|x64.Build.0 = Debug|Any CPU
		{55D96A21-06D8-429A-95A4-F22879730747}.Debug|x86.ActiveCfg = Debug|Any CPU
		{55D96A21-06D8-429A-95A4-F22879730747}.Debug|x86.Build.0 = Debug|Any CPU
		{55D96A21-06D8-429A-95A4-F22879730747}.Release|Any CPU.ActiveCfg = Release|Any CPU
		{55D96A21-06D8-429A-95A4-F22879730747}.Release|Any CPU.Build.0 = Release|Any CPU
		{55D96A21-06D8-429A-95A4-F22879730747}.Release|x64.ActiveCfg = Release|Any CPU
		{55D96A21-06D8-429A-95A4-F22879730747}.Release|x64.Build.0 = Release|Any CPU
		{55D96A21-06D8-429A-95A4-F22879730747}.Release|x86.ActiveCfg = Release|Any CPU
		{55D96A21-06D8-429A-95A4-F22879730747}.Release|x86.Build.0 = Release|Any CPU
	EndGlobalSection
	GlobalSection(SolutionProperties) = preSolution
		HideSolutionNode = FALSE
	EndGlobalSection
	GlobalSection(NestedProjects) = preSolution
		{13087AE5-C564-4AA2-8247-FB4F8966B1E5} = {827E0CD3-B72D-47B6-A68D-7590B98EB39B}
		{09BFB49B-D4DA-49C6-A5FC-A4862C78064E} = {0C88DD14-F956-CE84-757C-A364CCF449FC}
		{DC1357F5-D113-499C-8F4D-BC4E4A0CF384} = {5D20AA90-6969-D8BD-9DCD-8634F4692FDA}
		{55D96A21-06D8-429A-95A4-F22879730747} = {827E0CD3-B72D-47B6-A68D-7590B98EB39B}
	EndGlobalSection
EndGlobal
